
Microsoft Visual Studio Solution File, Format Version 12.00
# Visual Studio Version 17
VisualStudioVersion = 17.5.33530.505
MinimumVisualStudioVersion = 10.0.40219.1
Project("{FAE04EC0-301F-11D3-BF4B-00C04F79EFBC}") = "Publisher", "Publisher.csproj", "{5898ADCC-3B4A-4BB4-82AE-07B72E8F650E}"
EndProject
Global
	GlobalSection(SolutionConfigurationPlatforms) = preSolution
		Debug|Any CPU = Debug|Any CPU
		Release|Any CPU = Release|Any CPU
	EndGlobalSection
	GlobalSection(ProjectConfigurationPlatforms) = postSolution
		{5898ADCC-3B4A-4BB4-82AE-07B72E8F650E}.Debug|Any CPU.ActiveCfg = Debug|Any CPU
		{5898ADCC-3B4A-4BB4-82AE-07B72E8F650E}.Debug|Any CPU.Build.0 = Debug|Any CPU
		{5898ADCC-3B4A-4BB4-82AE-07B72E8F650E}.Release|Any CPU.ActiveCfg = Release|Any CPU
		{5898ADCC-3B4A-4BB4-82AE-07B72E8F650E}.Release|Any CPU.Build.0 = Release|Any CPU
	EndGlobalSection
	GlobalSection(SolutionProperties) = preSolution
		HideSolutionNode = FALSE
	EndGlobalSection
	GlobalSection(ExtensibilityGlobals) = postSolution
		SolutionGuid = {61526DCD-8073-4864-A7D5-2542B4E77FB7}
	EndGlobalSection
EndGlobal
